PODS:
  - GoogleMaps (3.10.0-beta1):
    - GoogleMaps/Maps (= 3.10.0-beta1)
  - GoogleMaps/Base (3.10.0-beta1)
  - GoogleMaps/Maps (3.10.0-beta1):
    - GoogleMaps/Base
  - GooglePlaces (3.10.0-beta1):
    - GoogleMaps/Base (= 3.10.0-beta1)

DEPENDENCIES:
  - GoogleMaps (= 3.10.0-beta1)
  - GooglePlaces (= 3.10.0-beta1)

SPEC REPOS:
  trunk:
    - GoogleMaps
    - GooglePlaces

SPEC CHECKSUMS:
  GoogleMaps: 17598f733b70288939758dad9bafd7dfeab3c1dc
  GooglePlaces: 5de0ebadf18689d16bacd6b4a65f30c319678ffd

PODFILE CHECKSUM: 6d94338b12748322e99285cf81b521bea13a3f02

COCOAPODS: 1.8.4
